
Microsoft Visual Studio Solution File, Format Version 12.00
# Visual Studio Version 17
VisualStudioVersion = 17.14.36310.24 d17.14
MinimumVisualStudioVersion = 10.0.40219.1
Project("{FAE04EC0-301F-11D3-BF4B-00C04F79EFBC}") = "CadsolidChallenge.Server", "CadsolidChallenge\CadsolidChallenge.Server.csproj", "{95FF3D7E-B540-44C3-9A22-2DECEC9DB40C}"
EndProject
Project("{FAE04EC0-301F-11D3-BF4B-00C04F79EFBC}") = "CadsolidChallenge.Shared", "CadsolidChallenge.Shared\CadsolidChallenge.Shared.csproj", "{BCE481E4-1573-4E83-95AE-931E3819C984}"
EndProject
Project("{FAE04EC0-301F-11D3-BF4B-00C04F79EFBC}") = "CadsolidChallenge.Client", "CadsolidChallenge.Client\CadsolidChallenge.Client.csproj", "{77E83FB4-1169-47F4-BCDE-0901DFFEEAF7}"
EndProject
Global
	GlobalSection(SolutionConfigurationPlatforms) = preSolution
		Debug|Any CPU = Debug|Any CPU
		Release|Any CPU = Release|Any CPU
	EndGlobalSection
	GlobalSection(ProjectConfigurationPlatforms) = postSolution
		{95FF3D7E-B540-44C3-9A22-2DECEC9DB40C}.Debug|Any CPU.ActiveCfg = Debug|Any CPU
		{95FF3D7E-B540-44C3-9A22-2DECEC9DB40C}.Debug|Any CPU.Build.0 = Debug|Any CPU
		{95FF3D7E-B540-44C3-9A22-2DECEC9DB40C}.Release|Any CPU.ActiveCfg = Release|Any CPU
		{95FF3D7E-B540-44C3-9A22-2DECEC9DB40C}.Release|Any CPU.Build.0 = Release|Any CPU
		{BCE481E4-1573-4E83-95AE-931E3819C984}.Debug|Any CPU.ActiveCfg = Debug|Any CPU
		{BCE481E4-1573-4E83-95AE-931E3819C984}.Debug|Any CPU.Build.0 = Debug|Any CPU
		{BCE481E4-1573-4E83-95AE-931E3819C984}.Release|Any CPU.ActiveCfg = Release|Any CPU
		{BCE481E4-1573-4E83-95AE-931E3819C984}.Release|Any CPU.Build.0 = Release|Any CPU
		{77E83FB4-1169-47F4-BCDE-0901DFFEEAF7}.Debug|Any CPU.ActiveCfg = Debug|Any CPU
		{77E83FB4-1169-47F4-BCDE-0901DFFEEAF7}.Debug|Any CPU.Build.0 = Debug|Any CPU
		{77E83FB4-1169-47F4-BCDE-0901DFFEEAF7}.Release|Any CPU.ActiveCfg = Release|Any CPU
		{77E83FB4-1169-47F4-BCDE-0901DFFEEAF7}.Release|Any CPU.Build.0 = Release|Any CPU
	EndGlobalSection
	GlobalSection(SolutionProperties) = preSolution
		HideSolutionNode = FALSE
	EndGlobalSection
	GlobalSection(ExtensibilityGlobals) = postSolution
		SolutionGuid = {0156055C-B3EE-495A-9763-192A947053D7}
	EndGlobalSection
EndGlobal
